
Microsoft Visual Studio Solution File, Format Version 12.00
# Visual Studio Version 17
VisualStudioVersion = 17.8.34316.72
MinimumVisualStudioVersion = 10.0.40219.1
Project("{FAE04EC0-301F-11D3-BF4B-00C04F79EFBC}") = "makerBot", "makerBot.csproj", "{FC128EF5-8249-44CB-8990-4F820C60E254}"
EndProject
Global
	GlobalSection(SolutionConfigurationPlatforms) = preSolution
		Debug|Any CPU = Debug|Any CPU
		Release|Any CPU = Release|Any CPU
	EndGlobalSection
	GlobalSection(ProjectConfigurationPlatforms) = postSolution
		{FC128EF5-8249-44CB-8990-4F820C60E254}.Debug|Any CPU.ActiveCfg = Debug|Any CPU
		{FC128EF5-8249-44CB-8990-4F820C60E254}.Debug|Any CPU.Build.0 = Debug|Any CPU
		{FC128EF5-8249-44CB-8990-4F820C60E254}.Release|Any CPU.ActiveCfg = Release|Any CPU
		{FC128EF5-8249-44CB-8990-4F820C60E254}.Release|Any CPU.Build.0 = Release|Any CPU
	EndGlobalSection
	GlobalSection(SolutionProperties) = preSolution
		HideSolutionNode = FALSE
	EndGlobalSection
	GlobalSection(ExtensibilityGlobals) = postSolution
		SolutionGuid = {E4BC2671-ECB7-47BF-9176-B48828F8B14F}
	EndGlobalSection
EndGlobal
